// !$*UTF8*$!
{
	archiveVersion = 1;
	classes = {
	};
	objectVersion = 46;
	objects = {

/* Begin PBXBuildFile section */
		08629A4B19D1532100E696F1 /* DeviceInfo.m in Sources */ = {isa = PBXBuildFile; fileRef = 08629A4019D1532100E696F1 /* DeviceInfo.m */; };
		08629A4C19D1532100E696F1 /* WKImageView.m in Sources */ = {isa = PBXBuildFile; fileRef = 08629A4219D1532100E696F1 /* WKImageView.m */; };
		08629A4D19D1532100E696F1 /* WKImageViewLayout.m in Sources */ = {isa = PBXBuildFile; fileRef = 08629A4419D1532100E696F1 /* WKImageViewLayout.m */; };
		08629A4E19D1532100E696F1 /* WKOrigin.m in Sources */ = {isa = PBXBuildFile; fileRef = 08629A4619D1532100E696F1 /* WKOrigin.m */; };
		08629A4F19D1532100E696F1 /* WKPadding.m in Sources */ = {isa = PBXBuildFile; fileRef = 08629A4819D1532100E696F1 /* WKPadding.m */; };
		08629A5019D1532100E696F1 /* WKViewLayout.m in Sources */ = {isa = PBXBuildFile; fileRef = 08629A4A19D1532100E696F1 /* WKViewLayout.m */; };
		0865E0F9192C9FC200B3362C /* Foundation.framework in Frameworks */ = {isa = PBXBuildFile; fileRef = 0865E0F8192C9FC200B3362C /* Foundation.framework */; };
		0865E0FE192C9FC200B3362C /* GJBWK.h in Copy Files */ = {isa = PBXBuildFile; fileRef = 0865E0FD192C9FC200B3362C /* GJBWK.h */; };
		0865E100192C9FC200B3362C /* GJBWK.m in Sources */ = {isa = PBXBuildFile; fileRef = 0865E0FF192C9FC200B3362C /* GJBWK.m */; };
		0865E107192C9FC200B3362C /* XCTest.framework in Frameworks */ = {isa = PBXBuildFile; fileRef = 0865E106192C9FC200B3362C /* XCTest.framework */; };
		0865E108192C9FC200B3362C /* Foundation.framework in Frameworks */ = {isa = PBXBuildFile; fileRef = 0865E0F8192C9FC200B3362C /* Foundation.framework */; };
		0865E10A192C9FC200B3362C /* UIKit.framework in Frameworks */ = {isa = PBXBuildFile; fileRef = 0865E109192C9FC200B3362C /* UIKit.framework */; };
		0865E10D192C9FC200B3362C /* libGJBWK.a in Frameworks */ = {isa = PBXBuildFile; fileRef = 0865E0F5192C9FC200B3362C /* libGJBWK.a */; };
		0865E113192C9FC200B3362C /* InfoPlist.strings in Resources */ = {isa = PBXBuildFile; fileRef = 0865E111192C9FC200B3362C /* InfoPlist.strings */; };
		0865E115192C9FC200B3362C /* GJBWKTests.m in Sources */ = {isa = PBXBuildFile; fileRef = 0865E114192C9FC200B3362C /* GJBWKTests.m */; };
		0865E12D192CA16800B3362C /* WKView.m in Sources */ = {isa = PBXBuildFile; fileRef = 0865E12B192CA16800B3362C /* WKView.m */; };
		B5D74DB58F314415B8478F2E /* libPods.a in Frameworks */ = {isa = PBXBuildFile; fileRef = E626E4D4B64E425DB51734DF /* libPods.a */; };
/* End PBXBuildFile section */

/* Begin PBXContainerItemProxy section */
		0865E10B192C9FC200B3362C /* PBXContainerItemProxy */ = {
			isa = PBXContainerItemProxy;
			containerPortal = 0865E0ED192C9FC200B3362C /* Project object */;
			proxyType = 1;
			remoteGlobalIDString = 0865E0F4192C9FC200B3362C;
			remoteInfo = GJBWK;
		};
/* End PBXContainerItemProxy section */

/* Begin PBXCopyFilesBuildPhase section */
		0865E0F3192C9FC200B3362C /* Copy Files */ = {
			isa = PBXCopyFilesBuildPhase;
			buildActionMask = 2147483647;
			dstPath = "include/$(PRODUCT_NAME)";
			dstSubfolderSpec = 16;
			files = (
				0865E0FE192C9FC200B3362C /* GJBWK.h in Copy Files */,
			);
			name = "Copy Files";
			runOnlyForDeploymentPostprocessing = 0;
		};
/* End PBXCopyFilesBuildPhase section */

/* Begin PBXFileReference section */
		08629A3F19D1532100E696F1 /* DeviceInfo.h */ = {isa = PBXFileReference; fileEncoding = 4; lastKnownFileType = sourcecode.c.h; path = DeviceInfo.h; sourceTree = "<group>"; };
		08629A4019D1532100E696F1 /* DeviceInfo.m */ = {isa = PBXFileReference; fileEncoding = 4; lastKnownFileType = sourcecode.c.objc; path = DeviceInfo.m; sourceTree = "<group>"; };
		08629A4119D1532100E696F1 /* WKImageView.h */ = {isa = PBXFileReference; fileEncoding = 4; lastKnownFileType = sourcecode.c.h; path = WKImageView.h; sourceTree = "<group>"; };
		08629A4219D1532100E696F1 /* WKImageView.m */ = {isa = PBXFileReference; fileEncoding = 4; lastKnownFileType = sourcecode.c.objc; path = WKImageView.m; sourceTree = "<group>"; };
		08629A4319D1532100E696F1 /* WKImageViewLayout.h */ = {isa = PBXFileReference; fileEncoding = 4; lastKnownFileType = sourcecode.c.h; path = WKImageViewLayout.h; sourceTree = "<group>"; };
		08629A4419D1532100E696F1 /* WKImageViewLayout.m */ = {isa = PBXFileReference; fileEncoding = 4; lastKnownFileType = sourcecode.c.objc; path = WKImageViewLayout.m; sourceTree = "<group>"; };
		08629A4519D1532100E696F1 /* WKOrigin.h */ = {isa = PBXFileReference; fileEncoding = 4; lastKnownFileType = sourcecode.c.h; path = WKOrigin.h; sourceTree = "<group>"; };
		08629A4619D1532100E696F1 /* WKOrigin.m */ = {isa = PBXFileReference; fileEncoding = 4; lastKnownFileType = sourcecode.c.objc; path = WKOrigin.m; sourceTree = "<group>"; };
		08629A4719D1532100E696F1 /* WKPadding.h */ = {isa = PBXFileReference; fileEncoding = 4; lastKnownFileType = sourcecode.c.h; path = WKPadding.h; sourceTree = "<group>"; };
		08629A4819D1532100E696F1 /* WKPadding.m */ = {isa = PBXFileReference; fileEncoding = 4; lastKnownFileType = sourcecode.c.objc; path = WKPadding.m; sourceTree = "<group>"; };
		08629A4919D1532100E696F1 /* WKViewLayout.h */ = {isa = PBXFileReference; fileEncoding = 4; lastKnownFileType = sourcecode.c.h; path = WKViewLayout.h; sourceTree = "<group>"; };
		08629A4A19D1532100E696F1 /* WKViewLayout.m */ = {isa = PBXFileReference; fileEncoding = 4; lastKnownFileType = sourcecode.c.objc; path = WKViewLayout.m; sourceTree = "<group>"; };
		0865E0F5192C9FC200B3362C /* libGJBWK.a */ = {isa = PBXFileReference; explicitFileType = archive.ar; includeInIndex = 0; path = libGJBWK.a; sourceTree = BUILT_PRODUCTS_DIR; };
		0865E0F8192C9FC200B3362C /* Foundation.framework */ = {isa = PBXFileReference; lastKnownFileType = wrapper.framework; name = Foundation.framework; path = System/Library/Frameworks/Foundation.framework; sourceTree = SDKROOT; };
		0865E0FC192C9FC200B3362C /* GJBWK-Prefix.pch */ = {isa = PBXFileReference; lastKnownFileType = sourcecode.c.h; path = "GJBWK-Prefix.pch"; sourceTree = "<group>"; };
		0865E0FD192C9FC200B3362C /* GJBWK.h */ = {isa = PBXFileReference; lastKnownFileType = sourcecode.c.h; path = GJBWK.h; sourceTree = "<group>"; };
		0865E0FF192C9FC200B3362C /* GJBWK.m */ = {isa = PBXFileReference; lastKnownFileType = sourcecode.c.objc; path = GJBWK.m; sourceTree = "<group>"; };
		0865E105192C9FC200B3362C /* GJBWKTests.xctest */ = {isa = PBXFileReference; explicitFileType = wrapper.cfbundle; includeInIndex = 0; path = GJBWKTests.xctest; sourceTree = BUILT_PRODUCTS_DIR; };
		0865E106192C9FC200B3362C /* XCTest.framework */ = {isa = PBXFileReference; lastKnownFileType = wrapper.framework; name = XCTest.framework; path = Library/Frameworks/XCTest.framework; sourceTree = DEVELOPER_DIR; };
		0865E109192C9FC200B3362C /* UIKit.framework */ = {isa = PBXFileReference; lastKnownFileType = wrapper.framework; name = UIKit.framework; path = Library/Frameworks/UIKit.framework; sourceTree = DEVELOPER_DIR; };
		0865E110192C9FC200B3362C /* GJBWKTests-Info.plist */ = {isa = PBXFileReference; lastKnownFileType = text.plist.xml; path = "GJBWKTests-Info.plist"; sourceTree = "<group>"; };
		0865E112192C9FC200B3362C /* en */ = {isa = PBXFileReference; lastKnownFileType = text.plist.strings; name = en; path = en.lproj/InfoPlist.strings; sourceTree = "<group>"; };
		0865E114192C9FC200B3362C /* GJBWKTests.m */ = {isa = PBXFileReference; lastKnownFileType = sourcecode.c.objc; path = GJBWKTests.m; sourceTree = "<group>"; };
		0865E12B192CA16800B3362C /* WKView.m */ = {isa = PBXFileReference; fileEncoding = 4; lastKnownFileType = sourcecode.c.objc; path = WKView.m; sourceTree = "<group>"; };
		0865E12C192CA16800B3362C /* WKView.h */ = {isa = PBXFileReference; fileEncoding = 4; lastKnownFileType = sourcecode.c.h; path = WKView.h; sourceTree = "<group>"; };
		455BDFAFC9E5457A9F014D3D /* Pods.xcconfig */ = {isa = PBXFileReference; includeInIndex = 1; lastKnownFileType = text.xcconfig; name = Pods.xcconfig; path = Pods/Pods.xcconfig; sourceTree = "<group>"; };
		E626E4D4B64E425DB51734DF /* libPods.a */ = {isa = PBXFileReference; explicitFileType = archive.ar; includeInIndex = 0; path = libPods.a; sourceTree = BUILT_PRODUCTS_DIR; };
/* End PBXFileReference section */

/* Begin PBXFrameworksBuildPhase section */
		0865E0F2192C9FC200B3362C /* Frameworks */ = {
			isa = PBXFrameworksBuildPhase;
			buildActionMask = 2147483647;
			files = (
				0865E0F9192C9FC200B3362C /* Foundation.framework in Frameworks */,
				B5D74DB58F314415B8478F2E /* libPods.a in Frameworks */,
			);
			runOnlyForDeploymentPostprocessing = 0;
		};
		0865E102192C9FC200B3362C /* Frameworks */ = {
			isa = PBXFrameworksBuildPhase;
			buildActionMask = 2147483647;
			files = (
				0865E107192C9FC200B3362C /* XCTest.framework in Frameworks */,
				0865E10D192C9FC200B3362C /* libGJBWK.a in Frameworks */,
				0865E10A192C9FC200B3362C /* UIKit.framework in Frameworks */,
				0865E108192C9FC200B3362C /* Foundation.framework in Frameworks */,
			);
			runOnlyForDeploymentPostprocessing = 0;
		};
/* End PBXFrameworksBuildPhase section */

/* Begin PBXGroup section */
		0865E0EC192C9FC200B3362C = {
			isa = PBXGroup;
			children = (
				0865E0FA192C9FC200B3362C /* GJBWK */,
				0865E10E192C9FC200B3362C /* GJBWKTests */,
				0865E0F7192C9FC200B3362C /* Frameworks */,
				0865E0F6192C9FC200B3362C /* Products */,
				455BDFAFC9E5457A9F014D3D /* Pods.xcconfig */,
			);
			sourceTree = "<group>";
		};
		0865E0F6192C9FC200B3362C /* Products */ = {
			isa = PBXGroup;
			children = (
				0865E0F5192C9FC200B3362C /* libGJBWK.a */,
				0865E105192C9FC200B3362C /* GJBWKTests.xctest */,
			);
			name = Products;
			sourceTree = "<group>";
		};
		0865E0F7192C9FC200B3362C /* Frameworks */ = {
			isa = PBXGroup;
			children = (
				0865E0F8192C9FC200B3362C /* Foundation.framework */,
				0865E106192C9FC200B3362C /* XCTest.framework */,
				0865E109192C9FC200B3362C /* UIKit.framework */,
				E626E4D4B64E425DB51734DF /* libPods.a */,
			);
			name = Frameworks;
			sourceTree = "<group>";
		};
		0865E0FA192C9FC200B3362C /* GJBWK */ = {
			isa = PBXGroup;
			children = (
				08629A3F19D1532100E696F1 /* DeviceInfo.h */,
				08629A4019D1532100E696F1 /* DeviceInfo.m */,
				08629A4119D1532100E696F1 /* WKImageView.h */,
				08629A4219D1532100E696F1 /* WKImageView.m */,
				08629A4319D1532100E696F1 /* WKImageViewLayout.h */,
				08629A4419D1532100E696F1 /* WKImageViewLayout.m */,
				08629A4519D1532100E696F1 /* WKOrigin.h */,
				08629A4619D1532100E696F1 /* WKOrigin.m */,
				08629A4719D1532100E696F1 /* WKPadding.h */,
				08629A4819D1532100E696F1 /* WKPadding.m */,
				08629A4919D1532100E696F1 /* WKViewLayout.h */,
				08629A4A19D1532100E696F1 /* WKViewLayout.m */,
				0865E12C192CA16800B3362C /* WKView.h */,
				0865E12B192CA16800B3362C /* WKView.m */,
				0865E0FD192C9FC200B3362C /* GJBWK.h */,
				0865E0FF192C9FC200B3362C /* GJBWK.m */,
				0865E0FB192C9FC200B3362C /* Supporting Files */,
			);
			path = GJBWK;
			sourceTree = "<group>";
		};
		0865E0FB192C9FC200B3362C /* Supporting Files */ = {
			isa = PBXGroup;
			children = (
				0865E0FC192C9FC200B3362C /* GJBWK-Prefix.pch */,
			);
			name = "Supporting Files";
			sourceTree = "<group>";
		};
		0865E10E192C9FC200B3362C /* GJBWKTests */ = {
			isa = PBXGroup;
			children = (
				0865E114192C9FC200B3362C /* GJBWKTests.m */,
				0865E10F192C9FC200B3362C /* Supporting Files */,
			);
			path = GJBWKTests;
			sourceTree = "<group>";
		};
		0865E10F192C9FC200B3362C /* Supporting Files */ = {
			isa = PBXGroup;
			children = (
				0865E110192C9FC200B3362C /* GJBWKTests-Info.plist */,
				0865E111192C9FC200B3362C /* InfoPlist.strings */,
			);
			name = "Supporting Files";
			sourceTree = "<group>";
		};
/* End PBXGroup section */

/* Begin PBXNativeTarget section */
		0865E0F4192C9FC200B3362C /* GJBWK */ = {
			isa = PBXNativeTarget;
			buildConfigurationList = 0865E118192C9FC200B3362C /* Build configuration list for PBXNativeTarget "GJBWK" */;
			buildPhases = (
				9CADEE63AB1A4AD5A4770BFD /* Check Pods Manifest.lock */,
				0865E0F1192C9FC200B3362C /* Sources */,
				0865E0F2192C9FC200B3362C /* Frameworks */,
				0865E0F3192C9FC200B3362C /* Copy Files */,
				6C7CB44192AC42BAA3E3B7D3 /* Copy Pods Resources */,
			);
			buildRules = (
			);
			dependencies = (
			);
			name = GJBWK;
			productName = GJBWK;
			productReference = 0865E0F5192C9FC200B3362C /* libGJBWK.a */;
			productType = "com.apple.product-type.library.static";
		};
		0865E104192C9FC200B3362C /* GJBWKTests */ = {
			isa = PBXNativeTarget;
			buildConfigurationList = 0865E11B192C9FC200B3362C /* Build configuration list for PBXNativeTarget "GJBWKTests" */;
			buildPhases = (
				0865E101192C9FC200B3362C /* Sources */,
				0865E102192C9FC200B3362C /* Frameworks */,
				0865E103192C9FC200B3362C /* Resources */,
			);
			buildRules = (
			);
			dependencies = (
				0865E10C192C9FC200B3362C /* PBXTargetDependency */,
			);
			name = GJBWKTests;
			productName = GJBWKTests;
			productReference = 0865E105192C9FC200B3362C /* GJBWKTests.xctest */;
			productType = "com.apple.product-type.bundle.unit-test";
		};
/* End PBXNativeTarget section */

/* Begin PBXProject section */
		0865E0ED192C9FC200B3362C /* Project object */ = {
			isa = PBXProject;
			attributes = {
				LastUpgradeCheck = 0510;
				ORGANIZATIONNAME = SuiShou;
			};
			buildConfigurationList = 0865E0F0192C9FC200B3362C /* Build configuration list for PBXProject "GJBWK" */;
			compatibilityVersion = "Xcode 3.2";
			developmentRegion = English;
			hasScannedForEncodings = 0;
			knownRegions = (
				en,
			);
			mainGroup = 0865E0EC192C9FC200B3362C;
			productRefGroup = 0865E0F6192C9FC200B3362C /* Products */;
			projectDirPath = "";
			projectRoot = "";
			targets = (
				0865E0F4192C9FC200B3362C /* GJBWK */,
				0865E104192C9FC200B3362C /* GJBWKTests */,
			);
		};
/* End PBXProject section */

/* Begin PBXResourcesBuildPhase section */
		0865E103192C9FC200B3362C /* Resources */ = {
			isa = PBXResourcesBuildPhase;
			buildActionMask = 2147483647;
			files = (
				0865E113192C9FC200B3362C /* InfoPlist.strings in Resources */,
			);
			runOnlyForDeploymentPostprocessing = 0;
		};
/* End PBXResourcesBuildPhase section */

/* Begin PBXShellScriptBuildPhase section */
		6C7CB44192AC42BAA3E3B7D3 /* Copy Pods Resources */ = {
			isa = PBXShellScriptBuildPhase;
			buildActionMask = 2147483647;
			files = (
			);
			inputPaths = (
			);
			name = "Copy Pods Resources";
			outputPaths = (
			);
			runOnlyForDeploymentPostprocessing = 0;
			shellPath = /bin/sh;
			shellScript = "\"${SRCROOT}/Pods/Pods-resources.sh\"\n";
			showEnvVarsInLog = 0;
		};
		9CADEE63AB1A4AD5A4770BFD /* Check Pods Manifest.lock */ = {
			isa = PBXShellScriptBuildPhase;
			buildActionMask = 2147483647;
			files = (
			);
			inputPaths = (
			);
			name = "Check Pods Manifest.lock";
			outputPaths = (
			);
			runOnlyForDeploymentPostprocessing = 0;
			shellPath = /bin/sh;
			shellScript = "diff \"${PODS_ROOT}/../Podfile.lock\" \"${PODS_ROOT}/Manifest.lock\" > /dev/null\nif [[ $? != 0 ]] ; then\n    cat << EOM\nerror: The sandbox is not in sync with the Podfile.lock. Run 'pod install' or update your CocoaPods installation.\nEOM\n    exit 1\nfi\n";
			showEnvVarsInLog = 0;
		};
/* End PBXShellScriptBuildPhase section */

/* Begin PBXSourcesBuildPhase section */
		0865E0F1192C9FC200B3362C /* Sources */ = {
			isa = PBXSourcesBuildPhase;
			buildActionMask = 2147483647;
			files = (
				08629A4D19D1532100E696F1 /* WKImageViewLayout.m in Sources */,
				08629A4C19D1532100E696F1 /* WKImageView.m in Sources */,
				08629A4B19D1532100E696F1 /* DeviceInfo.m in Sources */,
				08629A4E19D1532100E696F1 /* WKOrigin.m in Sources */,
				08629A5019D1532100E696F1 /* WKViewLayout.m in Sources */,
				0865E12D192CA16800B3362C /* WKView.m in Sources */,
				0865E100192C9FC200B3362C /* GJBWK.m in Sources */,
				08629A4F19D1532100E696F1 /* WKPadding.m in Sources */,
			);
			runOnlyForDeploymentPostprocessing = 0;
		};
		0865E101192C9FC200B3362C /* Sources */ = {
			isa = PBXSourcesBuildPhase;
			buildActionMask = 2147483647;
			files = (
				0865E115192C9FC200B3362C /* GJBWKTests.m in Sources */,
			);
			runOnlyForDeploymentPostprocessing = 0;
		};
/* End PBXSourcesBuildPhase section */

/* Begin PBXTargetDependency section */
		0865E10C192C9FC200B3362C /* PBXTargetDependency */ = {
			isa = PBXTargetDependency;
			target = 0865E0F4192C9FC200B3362C /* GJBWK */;
			targetProxy = 0865E10B192C9FC200B3362C /* PBXContainerItemProxy */;
		};
/* End PBXTargetDependency section */

/* Begin PBXVariantGroup section */
		0865E111192C9FC200B3362C /* InfoPlist.strings */ = {
			isa = PBXVariantGroup;
			children = (
				0865E112192C9FC200B3362C /* en */,
			);
			name = InfoPlist.strings;
			sourceTree = "<group>";
		};
/* End PBXVariantGroup section */

/* Begin XCBuildConfiguration section */
		0865E116192C9FC200B3362C /* Debug */ = {
			isa = XCBuildConfiguration;
			buildSettings = {
				ALWAYS_SEARCH_USER_PATHS = NO;
				CLANG_CXX_LANGUAGE_STANDARD = "gnu++0x";
				CLANG_CXX_LIBRARY = "libc++";
				CLANG_ENABLE_MODULES = YES;
				CLANG_ENABLE_OBJC_ARC = YES;
				CLANG_WARN_BOOL_CONVERSION = YES;
				CLANG_WARN_CONSTANT_CONVERSION = YES;
				CLANG_WARN_DIRECT_OBJC_ISA_USAGE = YES_ERROR;
				CLANG_WARN_EMPTY_BODY = YES;
				CLANG_WARN_ENUM_CONVERSION = YES;
				CLANG_WARN_INT_CONVERSION = YES;
				CLANG_WARN_OBJC_ROOT_CLASS = YES_ERROR;
				CLANG_WARN__DUPLICATE_METHOD_MATCH = YES;
				COPY_PHASE_STRIP = NO;
				GCC_C_LANGUAGE_STANDARD = gnu99;
				GCC_DYNAMIC_NO_PIC = NO;
				GCC_OPTIMIZATION_LEVEL = 0;
				GCC_PREPROCESSOR_DEFINITIONS = (
					"DEBUG=1",
					"$(inherited)",
				);
				GCC_SYMBOLS_PRIVATE_EXTERN = NO;
				GCC_WARN_64_TO_32_BIT_CONVERSION = YES;
				GCC_WARN_ABOUT_RETURN_TYPE = YES_ERROR;
				GCC_WARN_UNDECLARED_SELECTOR = YES;
				GCC_WARN_UNINITIALIZED_AUTOS = YES_AGGRESSIVE;
				GCC_WARN_UNUSED_FUNCTION = YES;
				GCC_WARN_UNUSED_VARIABLE = YES;
				IPHONEOS_DEPLOYMENT_TARGET = 5.0;
				ONLY_ACTIVE_ARCH = YES;
				SDKROOT = iphoneos;
			};
			name = Debug;
		};
		0865E117192C9FC200B3362C /* Release */ = {
			isa = XCBuildConfiguration;
			buildSettings = {
				ALWAYS_SEARCH_USER_PATHS = NO;
				CLANG_CXX_LANGUAGE_STANDARD = "gnu++0x";
				CLANG_CXX_LIBRARY = "libc++";
				CLANG_ENABLE_MODULES = YES;
				CLANG_ENABLE_OBJC_ARC = YES;
				CLANG_WARN_BOOL_CONVERSION = YES;
				CLANG_WARN_CONSTANT_CONVERSION = YES;
				CLANG_WARN_DIRECT_OBJC_ISA_USAGE = YES_ERROR;
				CLANG_WARN_EMPTY_BODY = YES;
				CLANG_WARN_ENUM_CONVERSION = YES;
				CLANG_WARN_INT_CONVERSION = YES;
				CLANG_WARN_OBJC_ROOT_CLASS = YES_ERROR;
				CLANG_WARN__DUPLICATE_METHOD_MATCH = YES;
				COPY_PHASE_STRIP = YES;
				ENABLE_NS_ASSERTIONS = NO;
				GCC_C_LANGUAGE_STANDARD = gnu99;
				GCC_WARN_64_TO_32_BIT_CONVERSION = YES;
				GCC_WARN_ABOUT_RETURN_TYPE = YES_ERROR;
				GCC_WARN_UNDECLARED_SELECTOR = YES;
				GCC_WARN_UNINITIALIZED_AUTOS = YES_AGGRESSIVE;
				GCC_WARN_UNUSED_FUNCTION = YES;
				GCC_WARN_UNUSED_VARIABLE = YES;
				IPHONEOS_DEPLOYMENT_TARGET = 5.0;
				SDKROOT = iphoneos;
				VALIDATE_PRODUCT = YES;
			};
			name = Release;
		};
		0865E119192C9FC200B3362C /* Debug */ = {
			isa = XCBuildConfiguration;
			baseConfigurationReference = 455BDFAFC9E5457A9F014D3D /* Pods.xcconfig */;
			buildSettings = {
				DSTROOT = /tmp/GJBWK.dst;
				GCC_PRECOMPILE_PREFIX_HEADER = YES;
				GCC_PREFIX_HEADER = "GJBWK/GJBWK-Prefix.pch";
				OTHER_LDFLAGS = "-ObjC";
				PRODUCT_NAME = "$(TARGET_NAME)";
				SKIP_INSTALL = YES;
			};
			name = Debug;
		};
		0865E11A192C9FC200B3362C /* Release */ = {
			isa = XCBuildConfiguration;
			baseConfigurationReference = 455BDFAFC9E5457A9F014D3D /* Pods.xcconfig */;
			buildSettings = {
				DSTROOT = /tmp/GJBWK.dst;
				GCC_PRECOMPILE_PREFIX_HEADER = YES;
				GCC_PREFIX_HEADER = "GJBWK/GJBWK-Prefix.pch";
				OTHER_LDFLAGS = "-ObjC";
				PRODUCT_NAME = "$(TARGET_NAME)";
				SKIP_INSTALL = YES;
			};
			name = Release;
		};
		0865E11C192C9FC200B3362C /* Debug */ = {
			isa = XCBuildConfiguration;
			buildSettings = {
				FRAMEWORK_SEARCH_PATHS = (
					"$(SDKROOT)/Developer/Library/Frameworks",
					"$(inherited)",
					"$(DEVELOPER_FRAMEWORKS_DIR)",
				);
				GCC_PRECOMPILE_PREFIX_HEADER = YES;
				GCC_PREFIX_HEADER = "GJBWK/GJBWK-Prefix.pch";
				GCC_PREPROCESSOR_DEFINITIONS = (
					"DEBUG=1",
					"$(inherited)",
				);
				INFOPLIST_FILE = "GJBWKTests/GJBWKTests-Info.plist";
				PRODUCT_NAME = "$(TARGET_NAME)";
				WRAPPER_EXTENSION = xctest;
			};
			name = Debug;
		};
		0865E11D192C9FC200B3362C /* Release */ = {
			isa = XCBuildConfiguration;
			buildSettings = {
				FRAMEWORK_SEARCH_PATHS = (
					"$(SDKROOT)/Developer/Library/Frameworks",
					"$(inherited)",
					"$(DEVELOPER_FRAMEWORKS_DIR)",
				);
				GCC_PRECOMPILE_PREFIX_HEADER = YES;
				GCC_PREFIX_HEADER = "GJBWK/GJBWK-Prefix.pch";
				INFOPLIST_FILE = "GJBWKTests/GJBWKTests-Info.plist";
				PRODUCT_NAME = "$(TARGET_NAME)";
				WRAPPER_EXTENSION = xctest;
			};
			name = Release;
		};
/* End XCBuildConfiguration section */

/* Begin XCConfigurationList section */
		0865E0F0192C9FC200B3362C /* Build configuration list for PBXProject "GJBWK" */ = {
			isa = XCConfigurationList;
			buildConfigurations = (
				0865E116192C9FC200B3362C /* Debug */,
				0865E117192C9FC200B3362C /* Release */,
			);
			defaultConfigurationIsVisible = 0;
			defaultConfigurationName = Release;
		};
		0865E118192C9FC200B3362C /* Build configuration list for PBXNativeTarget "GJBWK" */ = {
			isa = XCConfigurationList;
			buildConfigurations = (
				0865E119192C9FC200B3362C /* Debug */,
				0865E11A192C9FC200B3362C /* Release */,
			);
			defaultConfigurationIsVisible = 0;
			defaultConfigurationName = Release;
		};
		0865E11B192C9FC200B3362C /* Build configuration list for PBXNativeTarget "GJBWKTests" */ = {
			isa = XCConfigurationList;
			buildConfigurations = (
				0865E11C192C9FC200B3362C /* Debug */,
				0865E11D192C9FC200B3362C /* Release */,
			);
			defaultConfigurationIsVisible = 0;
			defaultConfigurationName = Release;
		};
/* End XCConfigurationList section */
	};
	rootObject = 0865E0ED192C9FC200B3362C /* Project object */;
}
